
Microsoft Visual Studio Solution File, Format Version 12.00
# Visual Studio Version 16
VisualStudioVersion = 16.0.30413.136
MinimumVisualStudioVersion = 10.0.40219.1
Project("{8BC9CEB8-8B4A-11D0-8D11-00A0C91BC942}") = "Project1", "Project1\Project1.vcxproj", "{026FA52D-94A5-4729-A362-48ECDFA0A324}"
EndProject
Project("{8BC9CEB8-8B4A-11D0-8D11-00A0C91BC942}") = "TestWypozyczenie", "TestWypozyczenie\TestWypozyczenie.vcxproj", "{5A57E3AB-7697-4E46-B3B4-6720B56B1FE3}"
EndProject
Project("{8BC9CEB8-8B4A-11D0-8D11-00A0C91BC942}") = "TestPeselKlienta", "TestPeselKlienta\TestPeselKlienta.vcxproj", "{63858B16-4A90-4E77-9AB8-0B6ABDD34761}"
EndProject
Project("{8BC9CEB8-8B4A-11D0-8D11-00A0C91BC942}") = "UnitTest_DaneKlienta", "DaneOsoby\DaneOsoby.vcxproj", "{0620A843-E03A-4AE6-B976-B8FE82F6A745}"
EndProject
Project("{8BC9CEB8-8B4A-11D0-8D11-00A0C91BC942}") = "TestZmienDate", "TestZmienDate\TestZmienDate.vcxproj", "{71CE7172-C7F4-4E18-9FC0-60B818E66846}"
EndProject
Project("{8BC9CEB8-8B4A-11D0-8D11-00A0C91BC942}") = "TestKonstruktoraData", "TestKonstruktoraData\TestKonstruktoraData.vcxproj", "{A5EE081F-702F-47B6-89E6-F8A161EF42FE}"
EndProject
Project("{8BC9CEB8-8B4A-11D0-8D11-00A0C91BC942}") = "UnitTest_DaneWlasciciela", "UnitTest_DaneWlasciciela\UnitTest_DaneWlasciciela.vcxproj", "{0FB80A6F-D3A5-4D41-93B8-A99C803CAD83}"
EndProject
Project("{8BC9CEB8-8B4A-11D0-8D11-00A0C91BC942}") = "UnitTest_DanePracownika", "UnitTest_DanePracownika\UnitTest_DanePracownika.vcxproj", "{508DBBD6-6EE9-4520-96DB-89A89FF34733}"
EndProject
Project("{8BC9CEB8-8B4A-11D0-8D11-00A0C91BC942}") = "TestZmienPrzebieg", "TestZmienPrzebieg\TestZmienPrzebieg.vcxproj", "{E9FBD51E-51FD-4C70-9425-51D1F4899453}"
EndProject
Global
	GlobalSection(SolutionConfigurationPlatforms) = preSolution
		Debug|x64 = Debug|x64
		Debug|x86 = Debug|x86
		Release|x64 = Release|x64
		Release|x86 = Release|x86
	EndGlobalSection
	GlobalSection(ProjectConfigurationPlatforms) = postSolution
		{026FA52D-94A5-4729-A362-48ECDFA0A324}.Debug|x64.ActiveCfg = Debug|x64
		{026FA52D-94A5-4729-A362-48ECDFA0A324}.Debug|x64.Build.0 = Debug|x64
		{026FA52D-94A5-4729-A362-48ECDFA0A324}.Debug|x86.ActiveCfg = Debug|Win32
		{026FA52D-94A5-4729-A362-48ECDFA0A324}.Debug|x86.Build.0 = Debug|Win32
		{026FA52D-94A5-4729-A362-48ECDFA0A324}.Release|x64.ActiveCfg = Release|x64
		{026FA52D-94A5-4729-A362-48ECDFA0A324}.Release|x64.Build.0 = Release|x64
		{026FA52D-94A5-4729-A362-48ECDFA0A324}.Release|x86.ActiveCfg = Release|Win32
		{026FA52D-94A5-4729-A362-48ECDFA0A324}.Release|x86.Build.0 = Release|Win32
		{5A57E3AB-7697-4E46-B3B4-6720B56B1FE3}.Debug|x64.ActiveCfg = Debug|x64
		{5A57E3AB-7697-4E46-B3B4-6720B56B1FE3}.Debug|x64.Build.0 = Debug|x64
		{5A57E3AB-7697-4E46-B3B4-6720B56B1FE3}.Debug|x86.ActiveCfg = Debug|Win32
		{5A57E3AB-7697-4E46-B3B4-6720B56B1FE3}.Debug|x86.Build.0 = Debug|Win32
		{5A57E3AB-7697-4E46-B3B4-6720B56B1FE3}.Release|x64.ActiveCfg = Release|x64
		{5A57E3AB-7697-4E46-B3B4-6720B56B1FE3}.Release|x64.Build.0 = Release|x64
		{5A57E3AB-7697-4E46-B3B4-6720B56B1FE3}.Release|x86.ActiveCfg = Release|Win32
		{5A57E3AB-7697-4E46-B3B4-6720B56B1FE3}.Release|x86.Build.0 = Release|Win32
		{63858B16-4A90-4E77-9AB8-0B6ABDD34761}.Debug|x64.ActiveCfg = Debug|x64
		{63858B16-4A90-4E77-9AB8-0B6ABDD34761}.Debug|x64.Build.0 = Debug|x64
		{63858B16-4A90-4E77-9AB8-0B6ABDD34761}.Debug|x86.ActiveCfg = Debug|Win32
		{63858B16-4A90-4E77-9AB8-0B6ABDD34761}.Debug|x86.Build.0 = Debug|Win32
		{63858B16-4A90-4E77-9AB8-0B6ABDD34761}.Release|x64.ActiveCfg = Release|x64
		{63858B16-4A90-4E77-9AB8-0B6ABDD34761}.Release|x64.Build.0 = Release|x64
		{63858B16-4A90-4E77-9AB8-0B6ABDD34761}.Release|x86.ActiveCfg = Release|Win32
		{63858B16-4A90-4E77-9AB8-0B6ABDD34761}.Release|x86.Build.0 = Release|Win32
		{0620A843-E03A-4AE6-B976-B8FE82F6A745}.Debug|x64.ActiveCfg = Debug|x64
		{0620A843-E03A-4AE6-B976-B8FE82F6A745}.Debug|x64.Build.0 = Debug|x64
		{0620A843-E03A-4AE6-B976-B8FE82F6A745}.Debug|x86.ActiveCfg = Debug|Win32
		{0620A843-E03A-4AE6-B976-B8FE82F6A745}.Debug|x86.Build.0 = Debug|Win32
		{0620A843-E03A-4AE6-B976-B8FE82F6A745}.Release|x64.ActiveCfg = Release|x64
		{0620A843-E03A-4AE6-B976-B8FE82F6A745}.Release|x64.Build.0 = Release|x64
		{0620A843-E03A-4AE6-B976-B8FE82F6A745}.Release|x86.ActiveCfg = Release|Win32
		{0620A843-E03A-4AE6-B976-B8FE82F6A745}.Release|x86.Build.0 = Release|Win32
		{71CE7172-C7F4-4E18-9FC0-60B818E66846}.Debug|x64.ActiveCfg = Debug|x64
		{71CE7172-C7F4-4E18-9FC0-60B818E66846}.Debug|x64.Build.0 = Debug|x64
		{71CE7172-C7F4-4E18-9FC0-60B818E66846}.Debug|x86.ActiveCfg = Debug|Win32
		{71CE7172-C7F4-4E18-9FC0-60B818E66846}.Debug|x86.Build.0 = Debug|Win32
		{71CE7172-C7F4-4E18-9FC0-60B818E66846}.Release|x64.ActiveCfg = Release|x64
		{71CE7172-C7F4-4E18-9FC0-60B818E66846}.Release|x64.Build.0 = Release|x64
		{71CE7172-C7F4-4E18-9FC0-60B818E66846}.Release|x86.ActiveCfg = Release|Win32
		{71CE7172-C7F4-4E18-9FC0-60B818E66846}.Release|x86.Build.0 = Release|Win32
		{A5EE081F-702F-47B6-89E6-F8A161EF42FE}.Debug|x64.ActiveCfg = Debug|x64
		{A5EE081F-702F-47B6-89E6-F8A161EF42FE}.Debug|x64.Build.0 = Debug|x64
		{A5EE081F-702F-47B6-89E6-F8A161EF42FE}.Debug|x86.ActiveCfg = Debug|Win32
		{A5EE081F-702F-47B6-89E6-F8A161EF42FE}.Debug|x86.Build.0 = Debug|Win32
		{A5EE081F-702F-47B6-89E6-F8A161EF42FE}.Release|x64.ActiveCfg = Release|x64
		{A5EE081F-702F-47B6-89E6-F8A161EF42FE}.Release|x64.Build.0 = Release|x64
		{A5EE081F-702F-47B6-89E6-F8A161EF42FE}.Release|x86.ActiveCfg = Release|Win32
		{A5EE081F-702F-47B6-89E6-F8A161EF42FE}.Release|x86.Build.0 = Release|Win32
		{0FB80A6F-D3A5-4D41-93B8-A99C803CAD83}.Debug|x64.ActiveCfg = Debug|x64
		{0FB80A6F-D3A5-4D41-93B8-A99C803CAD83}.Debug|x64.Build.0 = Debug|x64
		{0FB80A6F-D3A5-4D41-93B8-A99C803CAD83}.Debug|x86.ActiveCfg = Debug|Win32
		{0FB80A6F-D3A5-4D41-93B8-A99C803CAD83}.Debug|x86.Build.0 = Debug|Win32
		{0FB80A6F-D3A5-4D41-93B8-A99C803CAD83}.Release|x64.ActiveCfg = Release|x64
		{0FB80A6F-D3A5-4D41-93B8-A99C803CAD83}.Release|x64.Build.0 = Release|x64
		{0FB80A6F-D3A5-4D41-93B8-A99C803CAD83}.Release|x86.ActiveCfg = Release|Win32
		{0FB80A6F-D3A5-4D41-93B8-A99C803CAD83}.Release|x86.Build.0 = Release|Win32
		{508DBBD6-6EE9-4520-96DB-89A89FF34733}.Debug|x64.ActiveCfg = Debug|x64
		{508DBBD6-6EE9-4520-96DB-89A89FF34733}.Debug|x64.Build.0 = Debug|x64
		{508DBBD6-6EE9-4520-96DB-89A89FF34733}.Debug|x86.ActiveCfg = Debug|Win32
		{508DBBD6-6EE9-4520-96DB-89A89FF34733}.Debug|x86.Build.0 = Debug|Win32
		{508DBBD6-6EE9-4520-96DB-89A89FF34733}.Release|x64.ActiveCfg = Release|x64
		{508DBBD6-6EE9-4520-96DB-89A89FF34733}.Release|x64.Build.0 = Release|x64
		{508DBBD6-6EE9-4520-96DB-89A89FF34733}.Release|x86.ActiveCfg = Release|Win32
		{508DBBD6-6EE9-4520-96DB-89A89FF34733}.Release|x86.Build.0 = Release|Win32
		{E9FBD51E-51FD-4C70-9425-51D1F4899453}.Debug|x64.ActiveCfg = Debug|x64
		{E9FBD51E-51FD-4C70-9425-51D1F4899453}.Debug|x64.Build.0 = Debug|x64
		{E9FBD51E-51FD-4C70-9425-51D1F4899453}.Debug|x86.ActiveCfg = Debug|Win32
		{E9FBD51E-51FD-4C70-9425-51D1F4899453}.Debug|x86.Build.0 = Debug|Win32
		{E9FBD51E-51FD-4C70-9425-51D1F4899453}.Release|x64.ActiveCfg = Release|x64
		{E9FBD51E-51FD-4C70-9425-51D1F4899453}.Release|x64.Build.0 = Release|x64
		{E9FBD51E-51FD-4C70-9425-51D1F4899453}.Release|x86.ActiveCfg = Release|Win32
		{E9FBD51E-51FD-4C70-9425-51D1F4899453}.Release|x86.Build.0 = Release|Win32
	EndGlobalSection
	GlobalSection(SolutionProperties) = preSolution
		HideSolutionNode = FALSE
	EndGlobalSection
	GlobalSection(ExtensibilityGlobals) = postSolution
		SolutionGuid = {960FD87D-51BC-43B1-8998-9744241B51DD}
	EndGlobalSection
EndGlobal
